
Microsoft Visual Studio Solution File, Format Version 12.00
# Visual Studio Version 17
VisualStudioVersion = 17.4.33403.182
MinimumVisualStudioVersion = 10.0.40219.1
Project("{FAE04EC0-301F-11D3-BF4B-00C04F79EFBC}") = "Phonebook.Api", "Phonebook.Api\Phonebook.Api.csproj", "{4116EC92-4CFF-427E-AE14-C1A095BF47CA}"
EndProject
Global
	GlobalSection(SolutionConfigurationPlatforms) = preSolution
		Debug|Any CPU = Debug|Any CPU
		Release|Any CPU = Release|Any CPU
	EndGlobalSection
	GlobalSection(ProjectConfigurationPlatforms) = postSolution
		{4116EC92-4CFF-427E-AE14-C1A095BF47CA}.Debug|Any CPU.ActiveCfg = Debug|Any CPU
		{4116EC92-4CFF-427E-AE14-C1A095BF47CA}.Debug|Any CPU.Build.0 = Debug|Any CPU
		{4116EC92-4CFF-427E-AE14-C1A095BF47CA}.Release|Any CPU.ActiveCfg = Release|Any CPU
		{4116EC92-4CFF-427E-AE14-C1A095BF47CA}.Release|Any CPU.Build.0 = Release|Any CPU
	EndGlobalSection
	GlobalSection(SolutionProperties) = preSolution
		HideSolutionNode = FALSE
	EndGlobalSection
	GlobalSection(ExtensibilityGlobals) = postSolution
		SolutionGuid = {A84BC81E-E1E7-427A-A987-1BFCB4CCBF2F}
	EndGlobalSection
EndGlobal
